
Microsoft Visual Studio Solution File, Format Version 12.00
# Visual Studio Version 16
VisualStudioVersion = 16.0.31321.278
MinimumVisualStudioVersion = 10.0.40219.1
Project("{FAE04EC0-301F-11D3-BF4B-00C04F79EFBC}") = "Projeto_01", "Projeto_01\Projeto_01.csproj", "{183298E7-7FB9-4368-954A-6D2EDC0ACC2C}"
EndProject
Project("{FAE04EC0-301F-11D3-BF4B-00C04F79EFBC}") = "Projeto_02", "Projeto2\Projeto_02.csproj", "{447E0645-00AD-495F-BDAB-A830B016FDC5}"
EndProject
Project("{FAE04EC0-301F-11D3-BF4B-00C04F79EFBC}") = "Projeto_03", "Projeto_3\Projeto_03.csproj", "{F346C333-A80E-45F4-AF20-15EE016D501D}"
EndProject
Project("{FAE04EC0-301F-11D3-BF4B-00C04F79EFBC}") = "Projeto_04", "Projeto_04\Projeto_04.csproj", "{2D27146F-F285-423A-AC98-370C33517F9A}"
EndProject
Project("{FAE04EC0-301F-11D3-BF4B-00C04F79EFBC}") = "Projeto_Desafio", "Projeto_Desafio\Projeto_Desafio.csproj", "{D5F2BD0B-B9FD-4B83-A6F3-7E9C82267048}"
EndProject
Global
	GlobalSection(SolutionConfigurationPlatforms) = preSolution
		Debug|Any CPU = Debug|Any CPU
		Release|Any CPU = Release|Any CPU
	EndGlobalSection
	GlobalSection(ProjectConfigurationPlatforms) = postSolution
		{183298E7-7FB9-4368-954A-6D2EDC0ACC2C}.Debug|Any CPU.ActiveCfg = Debug|Any CPU
		{183298E7-7FB9-4368-954A-6D2EDC0ACC2C}.Debug|Any CPU.Build.0 = Debug|Any CPU
		{183298E7-7FB9-4368-954A-6D2EDC0ACC2C}.Release|Any CPU.ActiveCfg = Release|Any CPU
		{183298E7-7FB9-4368-954A-6D2EDC0ACC2C}.Release|Any CPU.Build.0 = Release|Any CPU
		{447E0645-00AD-495F-BDAB-A830B016FDC5}.Debug|Any CPU.ActiveCfg = Debug|Any CPU
		{447E0645-00AD-495F-BDAB-A830B016FDC5}.Debug|Any CPU.Build.0 = Debug|Any CPU
		{447E0645-00AD-495F-BDAB-A830B016FDC5}.Release|Any CPU.ActiveCfg = Release|Any CPU
		{447E0645-00AD-495F-BDAB-A830B016FDC5}.Release|Any CPU.Build.0 = Release|Any CPU
		{F346C333-A80E-45F4-AF20-15EE016D501D}.Debug|Any CPU.ActiveCfg = Debug|Any CPU
		{F346C333-A80E-45F4-AF20-15EE016D501D}.Debug|Any CPU.Build.0 = Debug|Any CPU
		{F346C333-A80E-45F4-AF20-15EE016D501D}.Release|Any CPU.ActiveCfg = Release|Any CPU
		{F346C333-A80E-45F4-AF20-15EE016D501D}.Release|Any CPU.Build.0 = Release|Any CPU
		{2D27146F-F285-423A-AC98-370C33517F9A}.Debug|Any CPU.ActiveCfg = Debug|Any CPU
		{2D27146F-F285-423A-AC98-370C33517F9A}.Debug|Any CPU.Build.0 = Debug|Any CPU
		{2D27146F-F285-423A-AC98-370C33517F9A}.Release|Any CPU.ActiveCfg = Release|Any CPU
		{2D27146F-F285-423A-AC98-370C33517F9A}.Release|Any CPU.Build.0 = Release|Any CPU
		{D5F2BD0B-B9FD-4B83-A6F3-7E9C82267048}.Debug|Any CPU.ActiveCfg = Debug|Any CPU
		{D5F2BD0B-B9FD-4B83-A6F3-7E9C82267048}.Debug|Any CPU.Build.0 = Debug|Any CPU
		{D5F2BD0B-B9FD-4B83-A6F3-7E9C82267048}.Release|Any CPU.ActiveCfg = Release|Any CPU
		{D5F2BD0B-B9FD-4B83-A6F3-7E9C82267048}.Release|Any CPU.Build.0 = Release|Any CPU
	EndGlobalSection
	GlobalSection(SolutionProperties) = preSolution
		HideSolutionNode = FALSE
	EndGlobalSection
	GlobalSection(ExtensibilityGlobals) = postSolution
		SolutionGuid = {D1EA0E1C-4450-42F9-A312-D4A2A4A67C5D}
	EndGlobalSection
EndGlobal
