
Microsoft Visual Studio Solution File, Format Version 12.00
# Visual Studio Version 16
VisualStudioVersion = 16.0.31205.134
MinimumVisualStudioVersion = 10.0.40219.1
Project("{FAE04EC0-301F-11D3-BF4B-00C04F79EFBC}") = "Projeto_1", "Projeto_1\Projeto_1.csproj", "{273D493C-903C-416A-940C-0AC104682353}"
EndProject
Global
	GlobalSection(SolutionConfigurationPlatforms) = preSolution
		Debug|Any CPU = Debug|Any CPU
		Release|Any CPU = Release|Any CPU
	EndGlobalSection
	GlobalSection(ProjectConfigurationPlatforms) = postSolution
		{273D493C-903C-416A-940C-0AC104682353}.Debug|Any CPU.ActiveCfg = Debug|Any CPU
		{273D493C-903C-416A-940C-0AC104682353}.Debug|Any CPU.Build.0 = Debug|Any CPU
		{273D493C-903C-416A-940C-0AC104682353}.Release|Any CPU.ActiveCfg = Release|Any CPU
		{273D493C-903C-416A-940C-0AC104682353}.Release|Any CPU.Build.0 = Release|Any CPU
	EndGlobalSection
	GlobalSection(SolutionProperties) = preSolution
		HideSolutionNode = FALSE
	EndGlobalSection
	GlobalSection(ExtensibilityGlobals) = postSolution
		SolutionGuid = {1AC2966F-B969-4B0B-B9C1-156C9A58F457}
	EndGlobalSection
EndGlobal
