
Microsoft Visual Studio Solution File, Format Version 12.00
# Visual Studio Version 16
VisualStudioVersion = 16.0.31321.278
MinimumVisualStudioVersion = 10.0.40219.1
Project("{9A19103F-16F7-4668-BE54-9A1E7A4F7556}") = "Projeto_01", "Projeto_01\Projeto_01.csproj", "{4DF6AC8B-ED34-4B76-BAFB-39A683F95426}"
EndProject
Project("{FAE04EC0-301F-11D3-BF4B-00C04F79EFBC}") = "Projeto_2", "Projeto_2\Projeto_2.csproj", "{C17D1E95-CBB7-4AD8-84E4-2C20633596ED}"
EndProject
Global
	GlobalSection(SolutionConfigurationPlatforms) = preSolution
		Debug|Any CPU = Debug|Any CPU
		Release|Any CPU = Release|Any CPU
	EndGlobalSection
	GlobalSection(ProjectConfigurationPlatforms) = postSolution
		{4DF6AC8B-ED34-4B76-BAFB-39A683F95426}.Debug|Any CPU.ActiveCfg = Debug|Any CPU
		{4DF6AC8B-ED34-4B76-BAFB-39A683F95426}.Debug|Any CPU.Build.0 = Debug|Any CPU
		{4DF6AC8B-ED34-4B76-BAFB-39A683F95426}.Release|Any CPU.ActiveCfg = Release|Any CPU
		{4DF6AC8B-ED34-4B76-BAFB-39A683F95426}.Release|Any CPU.Build.0 = Release|Any CPU
		{C17D1E95-CBB7-4AD8-84E4-2C20633596ED}.Debug|Any CPU.ActiveCfg = Debug|Any CPU
		{C17D1E95-CBB7-4AD8-84E4-2C20633596ED}.Debug|Any CPU.Build.0 = Debug|Any CPU
		{C17D1E95-CBB7-4AD8-84E4-2C20633596ED}.Release|Any CPU.ActiveCfg = Release|Any CPU
		{C17D1E95-CBB7-4AD8-84E4-2C20633596ED}.Release|Any CPU.Build.0 = Release|Any CPU
	EndGlobalSection
	GlobalSection(SolutionProperties) = preSolution
		HideSolutionNode = FALSE
	EndGlobalSection
	GlobalSection(ExtensibilityGlobals) = postSolution
		SolutionGuid = {5AD9A60F-D8D7-4C19-B007-64C3B69221AA}
	EndGlobalSection
EndGlobal
